// !$*UTF8*$!
{
	archiveVersion = 1;
	classes = {
	};
	objectVersion = 77;
	objects = {

/* Begin PBXBuildFile section */
		AB95CCA82CE2846500BA59D5 /* AppDelegate.swift in Sources */ = {isa = PBXBuildFile; fileRef = AB95CCA02CE2846500BA59D5 /* AppDelegate.swift */; };
		AB95CCA92CE2846500BA59D5 /* SceneDelegate.swift in Sources */ = {isa = PBXBuildFile; fileRef = AB95CCA52CE2846500BA59D5 /* SceneDelegate.swift */; };
		AB95CCAA2CE2846500BA59D5 /* MainViewController.swift in Sources */ = {isa = PBXBuildFile; fileRef = AB95CCA62CE2846500BA59D5 /* MainViewController.swift */; };
		AB95CCAB2CE2846500BA59D5 /* Assets.xcassets in Resources */ = {isa = PBXBuildFile; fileRef = AB95CCA12CE2846500BA59D5 /* Assets.xcassets */; };
		AB95CCAD2CE2846500BA59D5 /* LaunchScreen.storyboard in Resources */ = {isa = PBXBuildFile; fileRef = AB95CCA42CE2846500BA59D5 /* LaunchScreen.storyboard */; };
/* End PBXBuildFile section */

/* Begin PBXFileReference section */
		AB95CC882CE2845200BA59D5 /* ArraySetDictProgram.app */ = {isa = PBXFileReference; explicitFileType = wrapper.application; includeInIndex = 0; path = ArraySetDictProgram.app; sourceTree = BUILT_PRODUCTS_DIR; };
		AB95CCA02CE2846500BA59D5 /* AppDelegate.swift */ = {isa = PBXFileReference; lastKnownFileType = sourcecode.swift; path = AppDelegate.swift; sourceTree = "<group>"; };
		AB95CCA12CE2846500BA59D5 /* Assets.xcassets */ = {isa = PBXFileReference; lastKnownFileType = folder.assetcatalog; path = Assets.xcassets; sourceTree = "<group>"; };
		AB95CCA22CE2846500BA59D5 /* Info.plist */ = {isa = PBXFileReference; lastKnownFileType = text.plist.xml; path = Info.plist; sourceTree = "<group>"; };
		AB95CCA32CE2846500BA59D5 /* Base */ = {isa = PBXFileReference; lastKnownFileType = file.storyboard; name = Base; path = Base.lproj/LaunchScreen.storyboard; sourceTree = "<group>"; };
		AB95CCA52CE2846500BA59D5 /* SceneDelegate.swift */ = {isa = PBXFileReference; lastKnownFileType = sourcecode.swift; path = SceneDelegate.swift; sourceTree = "<group>"; };
		AB95CCA62CE2846500BA59D5 /* MainViewController.swift */ = {isa = PBXFileReference; lastKnownFileType = sourcecode.swift; path = MainViewController.swift; sourceTree = "<group>"; };
/* End PBXFileReference section */

/* Begin PBXFrameworksBuildPhase section */
		AB95CC852CE2845200BA59D5 /* Frameworks */ = {
			isa = PBXFrameworksBuildPhase;
			buildActionMask = 2147483647;
			files = (
			);
			runOnlyForDeploymentPostprocessing = 0;
		};
/* End PBXFrameworksBuildPhase section */

/* Begin PBXGroup section */
		AB95CC7F2CE2845200BA59D5 = {
			isa = PBXGroup;
			children = (
				AB95CCA72CE2846500BA59D5 /* ArraySetDictProgram */,
				AB95CC892CE2845200BA59D5 /* Products */,
			);
			sourceTree = "<group>";
		};
		AB95CC892CE2845200BA59D5 /* Products */ = {
			isa = PBXGroup;
			children = (
				AB95CC882CE2845200BA59D5 /* ArraySetDictProgram.app */,
			);
			name = Products;
			sourceTree = "<group>";
		};
		AB95CCA72CE2846500BA59D5 /* ArraySetDictProgram */ = {
			isa = PBXGroup;
			children = (
				AB95CCB12CE2848C00BA59D5 /* Views */,
				AB95CCB02CE2848500BA59D5 /* Application */,
				AB95CCAE2CE2846900BA59D5 /* Resources */,
				AB95CCA22CE2846500BA59D5 /* Info.plist */,
			);
			path = ArraySetDictProgram;
			sourceTree = "<group>";
		};
		AB95CCAE2CE2846900BA59D5 /* Resources */ = {
			isa = PBXGroup;
			children = (
				AB95CCA42CE2846500BA59D5 /* LaunchScreen.storyboard */,
				AB95CCA12CE2846500BA59D5 /* Assets.xcassets */,
			);
			path = Resources;
			sourceTree = "<group>";
		};
		AB95CCB02CE2848500BA59D5 /* Application */ = {
			isa = PBXGroup;
			children = (
				AB95CCA02CE2846500BA59D5 /* AppDelegate.swift */,
				AB95CCA52CE2846500BA59D5 /* SceneDelegate.swift */,
			);
			path = Application;
			sourceTree = "<group>";
		};
		AB95CCB12CE2848C00BA59D5 /* Views */ = {
			isa = PBXGroup;
			children = (
				AB95CCB42CE2866400BA59D5 /* Controllers */,
			);
			path = Views;
			sourceTree = "<group>";
		};
		AB95CCB42CE2866400BA59D5 /* Controllers */ = {
			isa = PBXGroup;
			children = (
				AB95CCA62CE2846500BA59D5 /* MainViewController.swift */,
			);
			path = Controllers;
			sourceTree = "<group>";
		};
/* End PBXGroup section */

/* Begin PBXNativeTarget section */
		AB95CC872CE2845200BA59D5 /* ArraySetDictProgram */ = {
			isa = PBXNativeTarget;
			buildConfigurationList = AB95CC9B2CE2845300BA59D5 /* Build configuration list for PBXNativeTarget "ArraySetDictProgram" */;
			buildPhases = (
				AB95CC842CE2845200BA59D5 /* Sources */,
				AB95CC852CE2845200BA59D5 /* Frameworks */,
				AB95CC862CE2845200BA59D5 /* Resources */,
			);
			buildRules = (
			);
			dependencies = (
			);
			name = ArraySetDictProgram;
			packageProductDependencies = (
			);
			productName = ArraySetDictProgram;
			productReference = AB95CC882CE2845200BA59D5 /* ArraySetDictProgram.app */;
			productType = "com.apple.product-type.application";
		};
/* End PBXNativeTarget section */

/* Begin PBXProject section */
		AB95CC802CE2845200BA59D5 /* Project object */ = {
			isa = PBXProject;
			attributes = {
				BuildIndependentTargetsInParallel = 1;
				LastSwiftUpdateCheck = 1600;
				LastUpgradeCheck = 1600;
				TargetAttributes = {
					AB95CC872CE2845200BA59D5 = {
						CreatedOnToolsVersion = 16.0;
					};
				};
			};
			buildConfigurationList = AB95CC832CE2845200BA59D5 /* Build configuration list for PBXProject "ArraySetDictProgram" */;
			developmentRegion = en;
			hasScannedForEncodings = 0;
			knownRegions = (
				en,
				Base,
			);
			mainGroup = AB95CC7F2CE2845200BA59D5;
			minimizedProjectReferenceProxies = 1;
			preferredProjectObjectVersion = 77;
			productRefGroup = AB95CC892CE2845200BA59D5 /* Products */;
			projectDirPath = "";
			projectRoot = "";
			targets = (
				AB95CC872CE2845200BA59D5 /* ArraySetDictProgram */,
			);
		};
/* End PBXProject section */

/* Begin PBXResourcesBuildPhase section */
		AB95CC862CE2845200BA59D5 /* Resources */ = {
			isa = PBXResourcesBuildPhase;
			buildActionMask = 2147483647;
			files = (
				AB95CCAB2CE2846500BA59D5 /* Assets.xcassets in Resources */,
				AB95CCAD2CE2846500BA59D5 /* LaunchScreen.storyboard in Resources */,
			);
			runOnlyForDeploymentPostprocessing = 0;
		};
/* End PBXResourcesBuildPhase section */

/* Begin PBXSourcesBuildPhase section */
		AB95CC842CE2845200BA59D5 /* Sources */ = {
			isa = PBXSourcesBuildPhase;
			buildActionMask = 2147483647;
			files = (
				AB95CCA82CE2846500BA59D5 /* AppDelegate.swift in Sources */,
				AB95CCA92CE2846500BA59D5 /* SceneDelegate.swift in Sources */,
				AB95CCAA2CE2846500BA59D5 /* MainViewController.swift in Sources */,
			);
			runOnlyForDeploymentPostprocessing = 0;
		};
/* End PBXSourcesBuildPhase section */

/* Begin PBXVariantGroup section */
		AB95CCA42CE2846500BA59D5 /* LaunchScreen.storyboard */ = {
			isa = PBXVariantGroup;
			children = (
				AB95CCA32CE2846500BA59D5 /* Base */,
			);
			name = LaunchScreen.storyboard;
			sourceTree = "<group>";
		};
/* End PBXVariantGroup section */

/* Begin XCBuildConfiguration section */
		AB95CC9C2CE2845300BA59D5 /* Debug */ = {
			isa = XCBuildConfiguration;
			buildSettings = {
				ASSETCATALOG_COMPILER_APPICON_NAME = AppIcon;
				ASSETCATALOG_COMPILER_GLOBAL_ACCENT_COLOR_NAME = AccentColor;
				CODE_SIGN_STYLE = Automatic;
				CURRENT_PROJECT_VERSION = 1;
				DEVELOPMENT_TEAM = 6YC67WJLSY;
				GENERATE_INFOPLIST_FILE = YES;
				INFOPLIST_FILE = ArraySetDictProgram/Info.plist;
				INFOPLIST_KEY_UIApplicationSupportsIndirectInputEvents = YES;
				INFOPLIST_KEY_UILaunchStoryboardName = LaunchScreen;
				INFOPLIST_KEY_UISupportedInterfaceOrientations = UIInterfaceOrientationPortrait;
				INFOPLIST_KEY_UISupportedInterfaceOrientations_iPad = "UIInterfaceOrientationLandscapeLeft UIInterfaceOrientationLandscapeRight UIInterfaceOrientationPortrait UIInterfaceOrientationPortraitUpsideDown";
				IPHONEOS_DEPLOYMENT_TARGET = 15.6;
				LD_RUNPATH_SEARCH_PATHS = (
					"$(inherited)",
					"@executable_path/Frameworks",
				);
				MARKETING_VERSION = 1.0;
				PRODUCT_BUNDLE_IDENTIFIER = IgorAndCompany.ArraySetDictProgram;
				PRODUCT_NAME = "$(TARGET_NAME)";
				SWIFT_EMIT_LOC_STRINGS = YES;
				SWIFT_VERSION = 5.0;
				TARGETED_DEVICE_FAMILY = "1,2";
			};
			name = Debug;
		};
		AB95CC9D2CE2845300BA59D5 /* Release */ = {
			isa = XCBuildConfiguration;
			buildSettings = {
				ASSETCATALOG_COMPILER_APPICON_NAME = AppIcon;
				ASSETCATALOG_COMPILER_GLOBAL_ACCENT_COLOR_NAME = AccentColor;
				CODE_SIGN_STYLE = Automatic;
				CURRENT_PROJECT_VERSION = 1;
				DEVELOPMENT_TEAM = 6YC67WJLSY;
				GENERATE_INFOPLIST_FILE = YES;
				INFOPLIST_FILE = ArraySetDictProgram/Info.plist;
				INFOPLIST_KEY_UIApplicationSupportsIndirectInputEvents = YES;
				INFOPLIST_KEY_UILaunchStoryboardName = LaunchScreen;
				INFOPLIST_KEY_UISupportedInterfaceOrientations = UIInterfaceOrientationPortrait;
				INFOPLIST_KEY_UISupportedInterfaceOrientations_iPad = "UIInterfaceOrientationLandscapeLeft UIInterfaceOrientationLandscapeRight UIInterfaceOrientationPortrait UIInterfaceOrientationPortraitUpsideDown";
				IPHONEOS_DEPLOYMENT_TARGET = 15.6;
				LD_RUNPATH_SEARCH_PATHS = (
					"$(inherited)",
					"@executable_path/Frameworks",
				);
				MARKETING_VERSION = 1.0;
				PRODUCT_BUNDLE_IDENTIFIER = IgorAndCompany.ArraySetDictProgram;
				PRODUCT_NAME = "$(TARGET_NAME)";
				SWIFT_EMIT_LOC_STRINGS = YES;
				SWIFT_VERSION = 5.0;
				TARGETED_DEVICE_FAMILY = "1,2";
			};
			name = Release;
		};
		AB95CC9E2CE2845300BA59D5 /* Debug */ = {
			isa = XCBuildConfiguration;
			buildSettings = {
				ALWAYS_SEARCH_USER_PATHS = NO;
				ASSETCATALOG_COMPILER_GENERATE_SWIFT_ASSET_SYMBOL_EXTENSIONS = YES;
				CLANG_ANALYZER_NONNULL = YES;
				CLANG_ANALYZER_NUMBER_OBJECT_CONVERSION = YES_AGGRESSIVE;
				CLANG_CXX_LANGUAGE_STANDARD = "gnu++20";
				CLANG_ENABLE_MODULES = YES;
				CLANG_ENABLE_OBJC_ARC = YES;
				CLANG_ENABLE_OBJC_WEAK = YES;
				CLANG_WARN_BLOCK_CAPTURE_AUTORELEASING = YES;
				CLANG_WARN_BOOL_CONVERSION = YES;
				CLANG_WARN_COMMA = YES;
				CLANG_WARN_CONSTANT_CONVERSION = YES;
				CLANG_WARN_DEPRECATED_OBJC_IMPLEMENTATIONS = YES;
				CLANG_WARN_DIRECT_OBJC_ISA_USAGE = YES_ERROR;
				CLANG_WARN_DOCUMENTATION_COMMENTS = YES;
				CLANG_WARN_EMPTY_BODY = YES;
				CLANG_WARN_ENUM_CONVERSION = YES;
				CLANG_WARN_INFINITE_RECURSION = YES;
				CLANG_WARN_INT_CONVERSION = YES;
				CLANG_WARN_NON_LITERAL_NULL_CONVERSION = YES;
				CLANG_WARN_OBJC_IMPLICIT_RETAIN_SELF = YES;
				CLANG_WARN_OBJC_LITERAL_CONVERSION = YES;
				CLANG_WARN_OBJC_ROOT_CLASS = YES_ERROR;
				CLANG_WARN_QUOTED_INCLUDE_IN_FRAMEWORK_HEADER = YES;
				CLANG_WARN_RANGE_LOOP_ANALYSIS = YES;
				CLANG_WARN_STRICT_PROTOTYPES = YES;
				CLANG_WARN_SUSPICIOUS_MOVE = YES;
				CLANG_WARN_UNGUARDED_AVAILABILITY = YES_AGGRESSIVE;
				CLANG_WARN_UNREACHABLE_CODE = YES;
				CLANG_WARN__DUPLICATE_METHOD_MATCH = YES;
				COPY_PHASE_STRIP = NO;
				DEBUG_INFORMATION_FORMAT = dwarf;
				ENABLE_STRICT_OBJC_MSGSEND = YES;
				ENABLE_TESTABILITY = YES;
				ENABLE_USER_SCRIPT_SANDBOXING = YES;
				GCC_C_LANGUAGE_STANDARD = gnu17;
				GCC_DYNAMIC_NO_PIC = NO;
				GCC_NO_COMMON_BLOCKS = YES;
				GCC_OPTIMIZATION_LEVEL = 0;
				GCC_PREPROCESSOR_DEFINITIONS = (
					"DEBUG=1",
					"$(inherited)",
				);
				GCC_WARN_64_TO_32_BIT_CONVERSION = YES;
				GCC_WARN_ABOUT_RETURN_TYPE = YES_ERROR;
				GCC_WARN_UNDECLARED_SELECTOR = YES;
				GCC_WARN_UNINITIALIZED_AUTOS = YES_AGGRESSIVE;
				GCC_WARN_UNUSED_FUNCTION = YES;
				GCC_WARN_UNUSED_VARIABLE = YES;
				IPHONEOS_DEPLOYMENT_TARGET = 18.0;
				LOCALIZATION_PREFERS_STRING_CATALOGS = YES;
				MTL_ENABLE_DEBUG_INFO = INCLUDE_SOURCE;
				MTL_FAST_MATH = YES;
				ONLY_ACTIVE_ARCH = YES;
				SDKROOT = iphoneos;
				SWIFT_ACTIVE_COMPILATION_CONDITIONS = "DEBUG $(inherited)";
				SWIFT_OPTIMIZATION_LEVEL = "-Onone";
			};
			name = Debug;
		};
		AB95CC9F2CE2845300BA59D5 /* Release */ = {
			isa = XCBuildConfiguration;
			buildSettings = {
				ALWAYS_SEARCH_USER_PATHS = NO;
				ASSETCATALOG_COMPILER_GENERATE_SWIFT_ASSET_SYMBOL_EXTENSIONS = YES;
				CLANG_ANALYZER_NONNULL = YES;
				CLANG_ANALYZER_NUMBER_OBJECT_CONVERSION = YES_AGGRESSIVE;
				CLANG_CXX_LANGUAGE_STANDARD = "gnu++20";
				CLANG_ENABLE_MODULES = YES;
				CLANG_ENABLE_OBJC_ARC = YES;
				CLANG_ENABLE_OBJC_WEAK = YES;
				CLANG_WARN_BLOCK_CAPTURE_AUTORELEASING = YES;
				CLANG_WARN_BOOL_CONVERSION = YES;
				CLANG_WARN_COMMA = YES;
				CLANG_WARN_CONSTANT_CONVERSION = YES;
				CLANG_WARN_DEPRECATED_OBJC_IMPLEMENTATIONS = YES;
				CLANG_WARN_DIRECT_OBJC_ISA_USAGE = YES_ERROR;
				CLANG_WARN_DOCUMENTATION_COMMENTS = YES;
				CLANG_WARN_EMPTY_BODY = YES;
				CLANG_WARN_ENUM_CONVERSION = YES;
				CLANG_WARN_INFINITE_RECURSION = YES;
				CLANG_WARN_INT_CONVERSION = YES;
				CLANG_WARN_NON_LITERAL_NULL_CONVERSION = YES;
				CLANG_WARN_OBJC_IMPLICIT_RETAIN_SELF = YES;
				CLANG_WARN_OBJC_LITERAL_CONVERSION = YES;
				CLANG_WARN_OBJC_ROOT_CLASS = YES_ERROR;
				CLANG_WARN_QUOTED_INCLUDE_IN_FRAMEWORK_HEADER = YES;
				CLANG_WARN_RANGE_LOOP_ANALYSIS = YES;
				CLANG_WARN_STRICT_PROTOTYPES = YES;
				CLANG_WARN_SUSPICIOUS_MOVE = YES;
				CLANG_WARN_UNGUARDED_AVAILABILITY = YES_AGGRESSIVE;
				CLANG_WARN_UNREACHABLE_CODE = YES;
				CLANG_WARN__DUPLICATE_METHOD_MATCH = YES;
				COPY_PHASE_STRIP = NO;
				DEBUG_INFORMATION_FORMAT = "dwarf-with-dsym";
				ENABLE_NS_ASSERTIONS = NO;
				ENABLE_STRICT_OBJC_MSGSEND = YES;
				ENABLE_USER_SCRIPT_SANDBOXING = YES;
				GCC_C_LANGUAGE_STANDARD = gnu17;
				GCC_NO_COMMON_BLOCKS = YES;
				GCC_WARN_64_TO_32_BIT_CONVERSION = YES;
				GCC_WARN_ABOUT_RETURN_TYPE = YES_ERROR;
				GCC_WARN_UNDECLARED_SELECTOR = YES;
				GCC_WARN_UNINITIALIZED_AUTOS = YES_AGGRESSIVE;
				GCC_WARN_UNUSED_FUNCTION = YES;
				GCC_WARN_UNUSED_VARIABLE = YES;
				IPHONEOS_DEPLOYMENT_TARGET = 18.0;
				LOCALIZATION_PREFERS_STRING_CATALOGS = YES;
				MTL_ENABLE_DEBUG_INFO = NO;
				MTL_FAST_MATH = YES;
				SDKROOT = iphoneos;
				SWIFT_COMPILATION_MODE = wholemodule;
				VALIDATE_PRODUCT = YES;
			};
			name = Release;
		};
/* End XCBuildConfiguration section */

/* Begin XCConfigurationList section */
		AB95CC832CE2845200BA59D5 /* Build configuration list for PBXProject "ArraySetDictProgram" */ = {
			isa = XCConfigurationList;
			buildConfigurations = (
				AB95CC9E2CE2845300BA59D5 /* Debug */,
				AB95CC9F2CE2845300BA59D5 /* Release */,
			);
			defaultConfigurationIsVisible = 0;
			defaultConfigurationName = Release;
		};
		AB95CC9B2CE2845300BA59D5 /* Build configuration list for PBXNativeTarget "ArraySetDictProgram" */ = {
			isa = XCConfigurationList;
			buildConfigurations = (
				AB95CC9C2CE2845300BA59D5 /* Debug */,
				AB95CC9D2CE2845300BA59D5 /* Release */,
			);
			defaultConfigurationIsVisible = 0;
			defaultConfigurationName = Release;
		};
/* End XCConfigurationList section */
	};
	rootObject = AB95CC802CE2845200BA59D5 /* Project object */;
}
